
Microsoft Visual Studio Solution File, Format Version 12.00
# Visual Studio Version 17
VisualStudioVersion = 17.3.32825.248
MinimumVisualStudioVersion = 10.0.40219.1
Project("{2150E333-8FDC-42A3-9474-1A3956D46DE8}") = "src", "src", "{784F1F2E-A76A-42DF-B308-8150169B4111}"
EndProject
Project("{2150E333-8FDC-42A3-9474-1A3956D46DE8}") = "corePackages", "corePackages", "{8EDDBA11-842E-4A02-9F6C-26329E1F450B}"
EndProject
Project("{2150E333-8FDC-42A3-9474-1A3956D46DE8}") = "projects", "projects", "{BBDA8665-D2AF-4FCC-9DCE-E511365D138D}"
EndProject
Project("{FAE04EC0-301F-11D3-BF4B-00C04F79EFBC}") = "Core.Application", "src\corePackages\Core.Application\Core.Application.csproj", "{CE9AE5B2-5C84-4D34-867A-0E0927C40590}"
EndProject
Project("{FAE04EC0-301F-11D3-BF4B-00C04F79EFBC}") = "Core.CrossCuttingConcerns", "src\corePackages\Core.CrossCuttingConcerns\Core.CrossCuttingConcerns.csproj", "{A202D12D-6161-4F4D-ADA9-ADDC9DCFDAB4}"
EndProject
Project("{FAE04EC0-301F-11D3-BF4B-00C04F79EFBC}") = "Core.ElasticSearch", "src\corePackages\Core.ElasticSearch\Core.ElasticSearch.csproj", "{183BE5BF-26DF-43A1-9062-1668A3466023}"
EndProject
Project("{FAE04EC0-301F-11D3-BF4B-00C04F79EFBC}") = "Core.Mailing", "src\corePackages\Core.Mailing\Core.Mailing.csproj", "{17FBC4E1-7204-4FD4-8184-641A883642CB}"
EndProject
Project("{FAE04EC0-301F-11D3-BF4B-00C04F79EFBC}") = "Core.Persistence", "src\corePackages\Core.Persistance\Core.Persistence.csproj", "{A19F632C-3910-40ED-8C9F-314423E05501}"
EndProject
Project("{FAE04EC0-301F-11D3-BF4B-00C04F79EFBC}") = "Core.Security", "src\corePackages\Core.Security\Core.Security.csproj", "{C350F862-F342-4F66-8489-9E3EC68A86B4}"
EndProject
Project("{2150E333-8FDC-42A3-9474-1A3956D46DE8}") = "KodlamaDevs", "KodlamaDevs", "{FC4160D5-A8A9-4EF2-B2F8-25D1A386A87A}"
EndProject
Project("{FAE04EC0-301F-11D3-BF4B-00C04F79EFBC}") = "KodlamaDevs.Application", "src\projects\KodlamaDevs\KodlamaDevs.Application\KodlamaDevs.Application.csproj", "{9BC00FA5-9531-40C2-BA52-2D784CEC073D}"
EndProject
Project("{FAE04EC0-301F-11D3-BF4B-00C04F79EFBC}") = "KodlamaDevs.Domain", "src\projects\KodlamaDevs\KodlamaDevs.Domain\KodlamaDevs.Domain.csproj", "{3E3708DE-1BC6-4CB2-A637-44D7B5849B17}"
EndProject
Project("{FAE04EC0-301F-11D3-BF4B-00C04F79EFBC}") = "KodlamaDevs.Infrastructure", "src\projects\KodlamaDevs\KodlamaDevs.Infrastructure\KodlamaDevs.Infrastructure.csproj", "{46ADB789-E066-4D45-9499-D019AD6CF033}"
EndProject
Project("{FAE04EC0-301F-11D3-BF4B-00C04F79EFBC}") = "KodlamaDevs.Persistence", "src\projects\KodlamaDevs\KodlamaDevs.Persistence\KodlamaDevs.Persistence.csproj", "{3572D34E-3CC2-4315-9C7D-6BF18C36556B}"
EndProject
Project("{FAE04EC0-301F-11D3-BF4B-00C04F79EFBC}") = "KodlamaDevs.WebAPI", "src\projects\KodlamaDevs\KodlamaDevs.WebAPI\KodlamaDevs.WebAPI.csproj", "{120BF685-2F04-4106-887A-16CE1503B541}"
EndProject
Global
	GlobalSection(SolutionConfigurationPlatforms) = preSolution
		Debug|Any CPU = Debug|Any CPU
		Release|Any CPU = Release|Any CPU
	EndGlobalSection
	GlobalSection(ProjectConfigurationPlatforms) = postSolution
		{CE9AE5B2-5C84-4D34-867A-0E0927C40590}.Debug|Any CPU.ActiveCfg = Debug|Any CPU
		{CE9AE5B2-5C84-4D34-867A-0E0927C40590}.Debug|Any CPU.Build.0 = Debug|Any CPU
		{CE9AE5B2-5C84-4D34-867A-0E0927C40590}.Release|Any CPU.ActiveCfg = Release|Any CPU
		{CE9AE5B2-5C84-4D34-867A-0E0927C40590}.Release|Any CPU.Build.0 = Release|Any CPU
		{A202D12D-6161-4F4D-ADA9-ADDC9DCFDAB4}.Debug|Any CPU.ActiveCfg = Debug|Any CPU
		{A202D12D-6161-4F4D-ADA9-ADDC9DCFDAB4}.Debug|Any CPU.Build.0 = Debug|Any CPU
		{A202D12D-6161-4F4D-ADA9-ADDC9DCFDAB4}.Release|Any CPU.ActiveCfg = Release|Any CPU
		{A202D12D-6161-4F4D-ADA9-ADDC9DCFDAB4}.Release|Any CPU.Build.0 = Release|Any CPU
		{183BE5BF-26DF-43A1-9062-1668A3466023}.Debug|Any CPU.ActiveCfg = Debug|Any CPU
		{183BE5BF-26DF-43A1-9062-1668A3466023}.Debug|Any CPU.Build.0 = Debug|Any CPU
		{183BE5BF-26DF-43A1-9062-1668A3466023}.Release|Any CPU.ActiveCfg = Release|Any CPU
		{183BE5BF-26DF-43A1-9062-1668A3466023}.Release|Any CPU.Build.0 = Release|Any CPU
		{17FBC4E1-7204-4FD4-8184-641A883642CB}.Debug|Any CPU.ActiveCfg = Debug|Any CPU
		{17FBC4E1-7204-4FD4-8184-641A883642CB}.Debug|Any CPU.Build.0 = Debug|Any CPU
		{17FBC4E1-7204-4FD4-8184-641A883642CB}.Release|Any CPU.ActiveCfg = Release|Any CPU
		{17FBC4E1-7204-4FD4-8184-641A883642CB}.Release|Any CPU.Build.0 = Release|Any CPU
		{A19F632C-3910-40ED-8C9F-314423E05501}.Debug|Any CPU.ActiveCfg = Debug|Any CPU
		{A19F632C-3910-40ED-8C9F-314423E05501}.Debug|Any CPU.Build.0 = Debug|Any CPU
		{A19F632C-3910-40ED-8C9F-314423E05501}.Release|Any CPU.ActiveCfg = Release|Any CPU
		{A19F632C-3910-40ED-8C9F-314423E05501}.Release|Any CPU.Build.0 = Release|Any CPU
		{C350F862-F342-4F66-8489-9E3EC68A86B4}.Debug|Any CPU.ActiveCfg = Debug|Any CPU
		{C350F862-F342-4F66-8489-9E3EC68A86B4}.Debug|Any CPU.Build.0 = Debug|Any CPU
		{C350F862-F342-4F66-8489-9E3EC68A86B4}.Release|Any CPU.ActiveCfg = Release|Any CPU
		{C350F862-F342-4F66-8489-9E3EC68A86B4}.Release|Any CPU.Build.0 = Release|Any CPU
		{9BC00FA5-9531-40C2-BA52-2D784CEC073D}.Debug|Any CPU.ActiveCfg = Debug|Any CPU
		{9BC00FA5-9531-40C2-BA52-2D784CEC073D}.Debug|Any CPU.Build.0 = Debug|Any CPU
		{9BC00FA5-9531-40C2-BA52-2D784CEC073D}.Release|Any CPU.ActiveCfg = Release|Any CPU
		{9BC00FA5-9531-40C2-BA52-2D784CEC073D}.Release|Any CPU.Build.0 = Release|Any CPU
		{3E3708DE-1BC6-4CB2-A637-44D7B5849B17}.Debug|Any CPU.ActiveCfg = Debug|Any CPU
		{3E3708DE-1BC6-4CB2-A637-44D7B5849B17}.Debug|Any CPU.Build.0 = Debug|Any CPU
		{3E3708DE-1BC6-4CB2-A637-44D7B5849B17}.Release|Any CPU.ActiveCfg = Release|Any CPU
		{3E3708DE-1BC6-4CB2-A637-44D7B5849B17}.Release|Any CPU.Build.0 = Release|Any CPU
		{46ADB789-E066-4D45-9499-D019AD6CF033}.Debug|Any CPU.ActiveCfg = Debug|Any CPU
		{46ADB789-E066-4D45-9499-D019AD6CF033}.Debug|Any CPU.Build.0 = Debug|Any CPU
		{46ADB789-E066-4D45-9499-D019AD6CF033}.Release|Any CPU.ActiveCfg = Release|Any CPU
		{46ADB789-E066-4D45-9499-D019AD6CF033}.Release|Any CPU.Build.0 = Release|Any CPU
		{3572D34E-3CC2-4315-9C7D-6BF18C36556B}.Debug|Any CPU.ActiveCfg = Debug|Any CPU
		{3572D34E-3CC2-4315-9C7D-6BF18C36556B}.Debug|Any CPU.Build.0 = Debug|Any CPU
		{3572D34E-3CC2-4315-9C7D-6BF18C36556B}.Release|Any CPU.ActiveCfg = Release|Any CPU
		{3572D34E-3CC2-4315-9C7D-6BF18C36556B}.Release|Any CPU.Build.0 = Release|Any CPU
		{120BF685-2F04-4106-887A-16CE1503B541}.Debug|Any CPU.ActiveCfg = Debug|Any CPU
		{120BF685-2F04-4106-887A-16CE1503B541}.Debug|Any CPU.Build.0 = Debug|Any CPU
		{120BF685-2F04-4106-887A-16CE1503B541}.Release|Any CPU.ActiveCfg = Release|Any CPU
		{120BF685-2F04-4106-887A-16CE1503B541}.Release|Any CPU.Build.0 = Release|Any CPU
	EndGlobalSection
	GlobalSection(SolutionProperties) = preSolution
		HideSolutionNode = FALSE
	EndGlobalSection
	GlobalSection(NestedProjects) = preSolution
		{8EDDBA11-842E-4A02-9F6C-26329E1F450B} = {784F1F2E-A76A-42DF-B308-8150169B4111}
		{BBDA8665-D2AF-4FCC-9DCE-E511365D138D} = {784F1F2E-A76A-42DF-B308-8150169B4111}
		{CE9AE5B2-5C84-4D34-867A-0E0927C40590} = {8EDDBA11-842E-4A02-9F6C-26329E1F450B}
		{A202D12D-6161-4F4D-ADA9-ADDC9DCFDAB4} = {8EDDBA11-842E-4A02-9F6C-26329E1F450B}
		{183BE5BF-26DF-43A1-9062-1668A3466023} = {8EDDBA11-842E-4A02-9F6C-26329E1F450B}
		{17FBC4E1-7204-4FD4-8184-641A883642CB} = {8EDDBA11-842E-4A02-9F6C-26329E1F450B}
		{A19F632C-3910-40ED-8C9F-314423E05501} = {8EDDBA11-842E-4A02-9F6C-26329E1F450B}
		{C350F862-F342-4F66-8489-9E3EC68A86B4} = {8EDDBA11-842E-4A02-9F6C-26329E1F450B}
		{FC4160D5-A8A9-4EF2-B2F8-25D1A386A87A} = {BBDA8665-D2AF-4FCC-9DCE-E511365D138D}
		{9BC00FA5-9531-40C2-BA52-2D784CEC073D} = {FC4160D5-A8A9-4EF2-B2F8-25D1A386A87A}
		{3E3708DE-1BC6-4CB2-A637-44D7B5849B17} = {FC4160D5-A8A9-4EF2-B2F8-25D1A386A87A}
		{46ADB789-E066-4D45-9499-D019AD6CF033} = {FC4160D5-A8A9-4EF2-B2F8-25D1A386A87A}
		{3572D34E-3CC2-4315-9C7D-6BF18C36556B} = {FC4160D5-A8A9-4EF2-B2F8-25D1A386A87A}
		{120BF685-2F04-4106-887A-16CE1503B541} = {FC4160D5-A8A9-4EF2-B2F8-25D1A386A87A}
	EndGlobalSection
	GlobalSection(ExtensibilityGlobals) = postSolution
		SolutionGuid = {789EB32C-4525-4F54-A4BC-C8102663D477}
	EndGlobalSection
EndGlobal
